version = 1
revision = 3
requires-python = "==3.12.*"
resolution-markers = [
    "platform_machine == 'x86_64' and sys_platform == 'linux'",
]
supported-markers = [
    "platform_machine == 'x86_64' and sys_platform == 'linux'",
]

[[package]]
name = "anyio"
version = "4.15.1"
source = { registry = "https://pypi.org/simple" }
dependencies = [
    { name = "idna" },
    { name = "typing-extensions" },
]
sdist = { url = "https://files.pythonhosted.org/packages/a9/d2/f4d173e22df740bc37b1db102b386ba719b66e95b0f0d751f556b387e6d2/anyio-4.15.1.tar.gz", hash = "sha256:9f28306018cbd6d329e64a36d58256edff76dd996fe423bc957326e578b82a94", size = 276966, upload-time = "2026-09-05T10:42:39.44Z" }
wheels = [
    { url = "https://files.pythonhosted.org/packages/12/b8/4bd346e22b28902df4d651910f5242c28d84e4a5c2435ca5c3f797ed7e2e/anyio-4.15.1-py3-none-any.whl", hash = "sha256:6152fdbbf9a77fdec97731721bebf7c4c44f7c29b424b0065826173efc7ed101", size = 132079, upload-time = "2026-09-05T10:42:37.923Z" },
]

[[package]]
name = "certifi"
version = "2026.7.22"
source = { registry = "https://pypi.org/simple" }
sdist = { url = "https://files.pythonhosted.org/packages/a3/c2/24167ea9858356b47a87a50d39908bfdb72ceeefe0041586e704e5376b3a/certifi-2026.7.22.tar.gz", hash = "sha256:741e2c3b351ddf169a738da9f2c048608ff7f2c5cc02f1ebc6b118bb090d5d55", size = 138112, upload-time = "2026-07-22T03:35:12.644Z" }
wheels = [
    { url = "https://files.pythonhosted.org/packages/0b/a7/71ac2cff56fec219ed242bb11b8efb69fcc4bec75db06fb7bfe35de520e6/certifi-2026.7.22-py3-none-any.whl", hash = "sha256:62f22742b58a1a33014a2b6b706588a8d7e2a88ae7bd1a6ebe8c992928483775", size = 136983, upload-time = "2026-07-22T03:35:11.276Z" },
]

[[package]]
name = "click"
version = "8.5.0"
source = { registry = "https://pypi.org/simple" }
sdist = { url = "https://files.pythonhosted.org/packages/c7/0e/7fa0ef50764b67090eca4114772a2abf8b6148198475e54c660b97caeee6/click-8.5.0.tar.gz", hash = "sha256:ba0d2089de75ea0310e2dde03160e6ca10009947fb95a182f9b54021bb272e34", size = 382235, upload-time = "2026-08-26T13:33:14.56Z" }
wheels = [
    { url = "https://files.pythonhosted.org/packages/58/50/6c0d534c5f134586a8e1ba4e330569e32f057e33372ae556463212fb4cd3/click-8.5.0-py3-none-any.whl", hash = "sha256:255bc9599cf7748b4b1a446ccc735421bd08a2ae529a8b88597d3de5664ee360", size = 125251, upload-time = "2026-08-26T13:33:12.928Z" },
]

[[package]]
name = "filelock"
version = "4.0.12"
source = { registry = "https://pypi.org/simple" }
sdist = { url = "https://files.pythonhosted.org/packages/53/e4/34efcb869715cf299e47d1ac7b2624d2bcb6f2d3dffc2f0abe8417f65ab2/filelock-4.0.12.tar.gz", hash = "sha256:cf42711a7ac791818b299fab0332a088c65aeeefa36290de98db92c434303b0c", size = 253880, upload-time = "2026-10-05T13:17:43.677Z" }
wheels = [
    { url = "https://files.pythonhosted.org/packages/da/a1/b047e1c486a2c66283633b7dbb73872ca16ca1ce6a426f70d4d037fc8e1c/filelock-4.0.12-py3-none-any.whl", hash = "sha256:5f17ee83ecee8a6f3e389c75822fb70a1c2f0506b99438a6dffa1d56793588c8", size = 111732, upload-time = "2026-10-05T13:17:42.361Z" },
]

[[package]]
name = "fsspec"
version = "2026.9.0"
source = { registry = "https://pypi.org/simple" }
sdist = { url = "https://files.pythonhosted.org/packages/77/cd/9be253869fc42e764de7f3dedd6969af7d44ff9c3375214a3442a6f3fc08/fsspec-2026.9.0.tar.gz", hash = "sha256:0f08147951c8cb31d844c3547d631053b127863b60be04cf06e121333ee0e2fe", size = 333545, upload-time = "2026-09-18T17:50:42.825Z" }
wheels = [
    { url = "https://files.pythonhosted.org/packages/6c/c0/a98505f18594f1bce828bb159cec0fcf9860562f1a2c85913409fc8f3d9e/fsspec-2026.9.0-py3-none-any.whl", hash = "sha256:8dd6e646e99ea382bd85f97a45e6b526a442d79423a7dc673f1e2756d05fcb5f", size = 221738, upload-time = "2026-09-18T17:50:41.341Z" },
]

[[package]]
name = "h11"
version = "0.16.0"
source = { registry = "https://pypi.org/simple" }
sdist = { url = "https://files.pythonhosted.org/packages/01/ee/02a2c011bdab74c6fb3c75474d40b3052059d95df7e73351460c8588d963/h11-0.16.0.tar.gz", hash = "sha256:4e35b956cf45792e4caa5885e69fba00bdbc6ffafbfa020300e549b208ee5ff1", size = 101250, upload-time = "2025-04-24T03:35:25.427Z" }
wheels = [
    { url = "https://files.pythonhosted.org/packages/04/4b/29cac41a4d98d144bf5f6d33995617b185d14b22401f75ca86f384e87ff1/h11-0.16.0-py3-none-any.whl", hash = "sha256:63cf8bbe7522de3bf65932fda1d9c2772064ffb3dae62d55932da54b31cb6c86", size = 37515, upload-time = "2025-04-24T03:35:24.344Z" },
]

[[package]]
name = "hf-xet"
version = "1.7.0"
source = { registry = "https://pypi.org/simple" }
sdist = { url = "https://files.pythonhosted.org/packages/9e/27/06d899ea7bd721d272f84aac98bdb238de98af4cc767a69056d967d68c71/hf_xet-1.7.0.tar.gz", hash = "sha256:d406ec79053c0871817f700c2ac8c36ba0d87f9c34b7458b0f0063bb218b0466", size = 985689, upload-time = "2026-10-06T20:18:43.89Z" }
wheels = [
    { url = "https://files.pythonhosted.org/packages/a3/4c/2bf3b66c215d409655f28de1622393dde04c9461280d48c7924bb3b2decd/hf_xet-1.7.0-cp38-abi3-manylinux2014_x86_64.manylinux_2_17_x86_64.whl", hash = "sha256:2814a6e999d13464c4d679b788cc5d784eb5a4edfc638a31f10e9a11ab531ef8", size = 4212180, upload-time = "2026-10-06T20:18:32.292Z" },
    { url = "https://files.pythonhosted.org/packages/6c/dc/03a21b89f118664a0926ff25b0f8e44a519bf22724a6a8fc7a9abbc188b6/hf_xet-1.7.0-cp38-abi3-musllinux_1_2_x86_64.whl", hash = "sha256:0a9e802f33bf50c851abe45fc5380e61f959e2d369647d6742b79ad9d6c27cab", size = 4418814, upload-time = "2026-10-06T20:18:37.888Z" },
]

[[package]]
name = "httpcore"
version = "1.0.9"
source = { registry = "https://pypi.org/simple" }
dependencies = [
    { name = "certifi" },
    { name = "h11" },
]
sdist = { url = "https://files.pythonhosted.org/packages/06/94/82699a10bca87a5556c9c59b5963f2d039dbd239f25bc2a63907a05a14cb/httpcore-1.0.9.tar.gz", hash = "sha256:6e34463af53fd2ab5d807f399a9b45ea31c3dfa2276f15a2c3f00afff6e176e8", size = 85484, upload-time = "2025-04-24T22:06:22.219Z" }
wheels = [
    { url = "https://files.pythonhosted.org/packages/7e/f5/f66802a942d491edb555dd61e3a9961140fd64c90bce1eafd741609d334d/httpcore-1.0.9-py3-none-any.whl", hash = "sha256:2d400746a40668fc9dec9810239072b40b4484b640a8c38fd654a024c7a1bf55", size = 78784, upload-time = "2025-04-24T22:06:20.566Z" },
]

[[package]]
name = "httpx"
version = "0.28.1"
source = { registry = "https://pypi.org/simple" }
dependencies = [
    { name = "anyio" },
    { name = "certifi" },
    { name = "httpcore" },
    { name = "idna" },
]
sdist = { url = "https://files.pythonhosted.org/packages/b1/df/48c586a5fe32a0f01324ee087459e112ebb7224f646c0b5023f5e79e9956/httpx-0.28.1.tar.gz", hash = "sha256:75e98c5f16b0f35b567856f597f06ff2270a374470a5c2392242528e3e3e42fc", size = 141406, upload-time = "2024-12-06T15:37:23.222Z" }
wheels = [
    { url = "https://files.pythonhosted.org/packages/2a/39/e50c7c3a983047577ee07d2a9e53faf5a69493943ec3f6a384bdc792deb2/httpx-0.28.1-py3-none-any.whl", hash = "sha256:d909fcccc110f8c7faf814ca82a9a4d816bc5a6dbfea25d6591d6985b8ba59ad", size = 73517, upload-time = "2024-12-06T15:37:21.509Z" },
]

[[package]]
name = "huggingface-hub"
version = "1.31.0"
source = { registry = "https://pypi.org/simple" }
dependencies = [
    { name = "click" },
    { name = "filelock" },
    { name = "fsspec" },
    { name = "hf-xet" },
    { name = "httpx" },
    { name = "packaging" },
    { name = "pyyaml" },
    { name = "tqdm" },
    { name = "typing-extensions" },
]
sdist = { url = "https://files.pythonhosted.org/packages/9b/f0/61159db90b5cd275d55516fe27920828e7d3be4053fdbdb27c3f70e5f1ef/huggingface_hub-1.31.0.tar.gz", hash = "sha256:f8e9e710a210613fa5d0f26bba6da05ef4aef9fba5a0f23f508f5ac4d08b6f90", size = 968039, upload-time = "2026-09-10T10:27:22.724Z" }
wheels = [
    { url = "https://files.pythonhosted.org/packages/c3/7f/3f886a625043b77312b80da2f2bf00b5ecbf5a73061af1aa0259cd258c9d/huggingface_hub-1.31.0-py3-none-any.whl", hash = "sha256:9dbb6a503cbe2494ea666695207e7262d410659e09134059deb83e5480864667", size = 798313, upload-time = "2026-09-10T10:27:20.798Z" },
]

[[package]]
name = "idna"
version = "3.20"
source = { registry = "https://pypi.org/simple" }
sdist = { url = "https://files.pythonhosted.org/packages/f5/08/8eea9d4b8302028f3abb2c0813953f7aec26d33b7a8960ed760e65ff29fa/idna-3.20.tar.gz", hash = "sha256:a7db850025b95ded1eae8a46181a1a6c56c92c96f0e2b005d9ff8dc0210cab44", size = 216463, upload-time = "2026-09-17T14:11:04.752Z" }
wheels = [
    { url = "https://files.pythonhosted.org/packages/58/a2/bb081bab032533a855d44de1d56f8e8426114ff1ba5d1f07a438a0a654f8/idna-3.20-py3-none-any.whl", hash = "sha256:ab7ae7122974553370f0bdb919e1a960b2cd1bc1ef0276416d896db81c14582c", size = 69583, upload-time = "2026-09-17T14:11:03.168Z" },
]

[[package]]
name = "lxml"
version = "6.1.3"
source = { registry = "https://pypi.org/simple" }
sdist = { url = "https://files.pythonhosted.org/packages/23/ad/28ecd7cb894d172f3c9c80a075eeeb2017ac62e3632cee05a5f9493547eb/lxml-6.1.3.tar.gz", hash = "sha256:45222d94ddd511536f3b2f7d9deae3b2339b4ce0f075f1ca25703b07cad9dd21", size = 4211198, upload-time = "2026-09-02T14:48:02.287Z" }
wheels = [
    { url = "https://files.pythonhosted.org/packages/db/36/aa413bc214dc4f785ad2b2ddd8cc99aae7062d49ab155e91e6011af00daf/lxml-6.1.3-cp312-cp312-manylinux2014_x86_64.manylinux_2_17_x86_64.whl", hash = "sha256:379f8a75cf6eb7eef0af074b55f49ab73b868388a98de14646abcdfa4564bb11", size = 5105247, upload-time = "2026-09-02T14:47:36.734Z" },
    { url = "https://files.pythonhosted.org/packages/0a/20/e022dbc6b4753a9bc9fc5fb28a27163430c1731b9913997f6544c1b2518c/lxml-6.1.3-cp312-cp312-manylinux_2_26_x86_64.manylinux_2_28_x86_64.whl", hash = "sha256:909f4e927bb051f7740d6367285fc60cdcfdaf0258c2dba4ff5ba7eadadc250c", size = 5244675, upload-time = "2026-09-02T14:47:47.635Z" },
    { url = "https://files.pythonhosted.org/packages/da/ee/2c016fbceb3778137459292538d9dfa7e3ad9070fe409c15254ddd90d2cc/lxml-6.1.3-cp312-cp312-musllinux_1_2_x86_64.whl", hash = "sha256:c55e71a9b1db1f107efb60da49c093689b74c5c31a708e5379e2fd9439d4fbb5", size = 5267340, upload-time = "2026-09-02T14:48:08.374Z" },
]

[[package]]
name = "packaging"
version = "26.3"
source = { registry = "https://pypi.org/simple" }
sdist = { url = "https://files.pythonhosted.org/packages/7d/fa/3944b40b07da9ce895c0e6303a5ab7d53da063554f534556b134a54d6093/packaging-26.3.tar.gz", hash = "sha256:94edc256424af38762eb31306eed28beb9f0efc50a8837492c9d6fd6004aed79", size = 313412, upload-time = "2026-08-04T18:15:28.737Z" }
wheels = [
    { url = "https://files.pythonhosted.org/packages/63/34/ba1c580383c9eada3711951fef0795c80b829a078d72188184bcab9dd527/packaging-26.3-py3-none-any.whl", hash = "sha256:d7193f7c8e4e93f444fde0262bf90af30e16fa0ad0ad44cb553c87339b23cd1c", size = 129956, upload-time = "2026-08-04T18:15:27.159Z" },
]

[[package]]
name = "pillow"
version = "12.3.0"
source = { registry = "https://pypi.org/simple" }
sdist = { url = "https://files.pythonhosted.org/packages/1c/3d/bb7fca845737cf9d7dbde16ed1843984665ff2e0a518f5db43e77ec540b9/pillow-12.3.0.tar.gz", hash = "sha256:3b8182a766685eaa002637e28b4ec8d6b18819a0c71f579bf0dbaa5830297cce", size = 47025035, upload-time = "2026-07-01T11:56:38.965Z" }
wheels = [
    { url = "https://files.pythonhosted.org/packages/84/21/a35af28dcc61f37ed850a2d64c65c701321dfbf25085e469d5559360cbbf/pillow-12.3.0-cp312-cp312-manylinux_2_27_x86_64.manylinux_2_28_x86_64.whl", hash = "sha256:78cb2c6865a35ab8ff8b75fd122f6033b92a62c82801110e48ddd6c936a45d91", size = 6940830, upload-time = "2026-07-01T11:54:13.732Z" },
    { url = "https://files.pythonhosted.org/packages/1d/72/cf78ac9780bb93c28328f408973845a309d4d145041665f734572ced1b52/pillow-12.3.0-cp312-cp312-musllinux_1_2_x86_64.whl", hash = "sha256:0dd2064cbc55aaec028ef5fbb60fa47bb6c3e7918e07ff17935284b227a9d2df", size = 7052934, upload-time = "2026-07-01T11:54:17.721Z" },
]

[[package]]
name = "pyyaml"
version = "6.0.3"
source = { registry = "https://pypi.org/simple" }
sdist = { url = "https://files.pythonhosted.org/packages/05/8e/961c0007c59b8dd7729d542c61a4d537767a59645b82a0b521206e1e25c2/pyyaml-6.0.3.tar.gz", hash = "sha256:d76623373421df22fb4cf8817020cbb7ef15c725b9d5e45f17e189bfc384190f", size = 130960, upload-time = "2025-09-25T21:33:16.546Z" }
wheels = [
    { url = "https://files.pythonhosted.org/packages/8b/9d/b3589d3877982d4f2329302ef98a8026e7f4443c765c46cfecc8858c6b4b/pyyaml-6.0.3-cp312-cp312-manylinux2014_x86_64.manylinux_2_17_x86_64.manylinux_2_28_x86_64.whl", hash = "sha256:ba1cc08a7ccde2d2ec775841541641e4548226580ab850948cbfda66a1befcdc", size = 807870, upload-time = "2025-09-25T21:32:16.431Z" },
    { url = "https://files.pythonhosted.org/packages/be/8e/98435a21d1d4b46590d5459a22d88128103f8da4c2d4cb8f14f2a96504e1/pyyaml-6.0.3-cp312-cp312-musllinux_1_2_x86_64.whl", hash = "sha256:41715c910c881bc081f1e8872880d3c650acf13dfa8214bad49ed4cede7c34ea", size = 790181, upload-time = "2025-09-25T21:32:18.834Z" },
]

[[package]]
name = "rapidfuzz"
version = "3.14.5"
source = { registry = "https://pypi.org/simple" }
sdist = { url = "https://files.pythonhosted.org/packages/2c/21/ef6157213316e85790041254259907eb722e00b03480256c0545d98acd33/rapidfuzz-3.14.5.tar.gz", hash = "sha256:ba10ac57884ce82112f7ed910b67e7fb6072d8ef2c06e30dc63c0f604a112e0e", size = 57901753, upload-time = "2026-04-07T11:16:31.931Z" }
wheels = [
    { url = "https://files.pythonhosted.org/packages/79/72/97a9728c711c7c1b06e107d3f0623880fb4ef90e147ed13c551a1730e7cc/rapidfuzz-3.14.5-cp312-cp312-manylinux_2_27_x86_64.manylinux_2_28_x86_64.whl", hash = "sha256:48bee0b91bebfaec41e1081e351000659ab7570cc4598d617aa04d5bf827f9e6", size = 3145715, upload-time = "2026-04-07T11:14:24.508Z" },
    { url = "https://files.pythonhosted.org/packages/8f/2f/71e0a5a3130792146c8a200a2dd1e52aa16f7c1074012e17f2601eea9a90/rapidfuzz-3.14.5-cp312-cp312-musllinux_1_2_x86_64.whl", hash = "sha256:0ebd1a18e2e47bc0b292a07e6ed9c3642f8aaa672d12253885f599b50807a4f9", size = 4251709, upload-time = "2026-04-07T11:14:32.451Z" },
]

[[package]]
name = "tqdm"
version = "4.70.1"
source = { registry = "https://pypi.org/simple" }
sdist = { url = "https://files.pythonhosted.org/packages/0d/ea/b2a5bd54b28a324dae8211928b2d730b6547500342c7e6c6dea08bd0a485/tqdm-4.70.1.tar.gz", hash = "sha256:cefd0eca11b2a37a3aee776544d4f4ae913f02688135b5556b8788dfa474afc4", size = 171846, upload-time = "2026-09-11T07:25:16.601Z" }
wheels = [
    { url = "https://files.pythonhosted.org/packages/a7/03/921a3d3c75785aca9ebfbfcabfbc3a1be12e2ab5265deb026d55a5a3f83e/tqdm-4.70.1-py3-none-any.whl", hash = "sha256:c293e525e6fef9c20e8728fd4612df02a0aa31bb5fe91ecd93e123b1b7bffa73", size = 80199, upload-time = "2026-09-11T07:25:14.599Z" },
]

[[package]]
name = "typing-extensions"
version = "4.16.0"
source = { registry = "https://pypi.org/simple" }
sdist = { url = "https://files.pythonhosted.org/packages/f6/cc/6253133b5bb138fc3306cebfbda2c520f545d36b5be2c7255cc528bb45d6/typing_extensions-4.16.0.tar.gz", hash = "sha256:dc983d19a509c94dba722ee6abd33940f7c05a89e243c47e907eb4db6f1a43e5", size = 113555, upload-time = "2026-07-02T08:40:05.92Z" }
wheels = [
    { url = "https://files.pythonhosted.org/packages/49/d3/b8441a820a491ddfc024b0b0cf0393375b75ea13866d9c66727e54c2fc80/typing_extensions-4.16.0-py3-none-any.whl", hash = "sha256:481caa481374e813c1b176ada14e97f1f67a4539ce9cfeb3f350d78d6370c2e8", size = 45571, upload-time = "2026-07-02T08:40:04.659Z" },
]

[[package]]
name = "verbatus-churro-native"
version = "0.0.0"
source = { virtual = "." }
dependencies = [
    { name = "huggingface-hub" },
    { name = "lxml" },
    { name = "pillow" },
    { name = "rapidfuzz" },
]

[package.metadata]
requires-dist = [
    { name = "huggingface-hub", specifier = "==1.31.0" },
    { name = "lxml", specifier = "==6.1.3" },
    { name = "pillow", specifier = "==12.3.0" },
    { name = "rapidfuzz", specifier = "==3.14.5" },
]
